
Microsoft Visual Studio Solution File, Format Version 11.00
# Visual Studio 2010
Project("{8BC9CEB8-8B4A-11D0-8D11-00A0C91BC942}") = "M3DEng", "M3DEng\M3DEng.vcxproj", "{D5EF7D8C-D7AE-47CB-87F1-B8DF9A344705}"
EndProject
Global
	GlobalSection(SolutionConfigurationPlatforms) = preSolution
		Debug|Win32 = Debug|Win32
		Release|Win32 = Release|Win32
	EndGlobalSection
	GlobalSection(ProjectConfigurationPlatforms) = postSolution
		{D5EF7D8C-D7AE-47CB-87F1-B8DF9A344705}.Debug|Win32.ActiveCfg = Debug|Win32
		{D5EF7D8C-D7AE-47CB-87F1-B8DF9A344705}.Debug|Win32.Build.0 = Debug|Win32
		{D5EF7D8C-D7AE-47CB-87F1-B8DF9A344705}.Release|Win32.ActiveCfg = Release|Win32
		{D5EF7D8C-D7AE-47CB-87F1-B8DF9A344705}.Release|Win32.Build.0 = Release|Win32
	EndGlobalSection
	GlobalSection(SolutionProperties) = preSolution
		HideSolutionNode = FALSE
	EndGlobalSection
EndGlobal
